// !$*UTF8*$!
{
	archiveVersion = 1;
	classes = {
	};
	objectVersion = 52;
	objects = {

/* Begin PBXBuildFile section */
		0B742C84B4EC131B1ED2F8E1 /* MetalViewController.swift in Sources */ = {isa = PBXBuildFile; fileRef = 30C3E54E415343067C00C570 /* MetalViewController.swift */; };
		22CD20DFA38846C797255E39 /* PhotoCaptureProcessor.swift in Sources */ = {isa = PBXBuildFile; fileRef = 657FE9B2DDBDB8C3D98069BF /* PhotoCaptureProcessor.swift */; };
		28F333A0D367AC0C6980F890 /* AVFoundation.framework in Frameworks */ = {isa = PBXBuildFile; fileRef = 2637396023E5F99C09EFE6DC /* AVFoundation.framework */; };
		297EA902A53380D5CDF9F1C9 /* AppDelegate.swift in Sources */ = {isa = PBXBuildFile; fileRef = 12DCD2D64773D58CE6EA33AA /* AppDelegate.swift */; };
		2B9DD0F326FF073E00FCCCA9 /* Authority.docc in Sources */ = {isa = PBXBuildFile; fileRef = 2B9DD0F226FF073E00FCCCA9 /* Authority.docc */; };
		2B9DD0F726FF073E00FCCCA9 /* Authority.framework in Frameworks */ = {isa = PBXBuildFile; fileRef = 2B9DD0EF26FF073E00FCCCA9 /* Authority.framework */; };
		2B9DD0F826FF073E00FCCCA9 /* Authority.framework in Embed Frameworks */ = {isa = PBXBuildFile; fileRef = 2B9DD0EF26FF073E00FCCCA9 /* Authority.framework */; settings = {ATTRIBUTES = (CodeSignOnCopy, RemoveHeadersOnCopy, ); }; };
		2B9DD10626FF07B500FCCCA9 /* Galilei.docc in Sources */ = {isa = PBXBuildFile; fileRef = 2B9DD10526FF07B500FCCCA9 /* Galilei.docc */; };
		2B9DD10A26FF07B500FCCCA9 /* Galilei.framework in Frameworks */ = {isa = PBXBuildFile; fileRef = 2B9DD10226FF07B500FCCCA9 /* Galilei.framework */; };
		2B9DD10B26FF07B500FCCCA9 /* Galilei.framework in Embed Frameworks */ = {isa = PBXBuildFile; fileRef = 2B9DD10226FF07B500FCCCA9 /* Galilei.framework */; settings = {ATTRIBUTES = (CodeSignOnCopy, RemoveHeadersOnCopy, ); }; };
		2B9DD11826FF083200FCCCA9 /* MediaBox.docc in Sources */ = {isa = PBXBuildFile; fileRef = 2B9DD11726FF083200FCCCA9 /* MediaBox.docc */; };
		2B9DD11C26FF083200FCCCA9 /* MediaBox.framework in Frameworks */ = {isa = PBXBuildFile; fileRef = 2B9DD11426FF083200FCCCA9 /* MediaBox.framework */; };
		2B9DD11D26FF083200FCCCA9 /* MediaBox.framework in Embed Frameworks */ = {isa = PBXBuildFile; fileRef = 2B9DD11426FF083200FCCCA9 /* MediaBox.framework */; settings = {ATTRIBUTES = (CodeSignOnCopy, RemoveHeadersOnCopy, ); }; };
		2B9DD12A26FF084C00FCCCA9 /* Vincent.docc in Sources */ = {isa = PBXBuildFile; fileRef = 2B9DD12926FF084C00FCCCA9 /* Vincent.docc */; };
		2B9DD12E26FF084C00FCCCA9 /* Vincent.framework in Frameworks */ = {isa = PBXBuildFile; fileRef = 2B9DD12626FF084C00FCCCA9 /* Vincent.framework */; };
		2B9DD12F26FF084C00FCCCA9 /* Vincent.framework in Embed Frameworks */ = {isa = PBXBuildFile; fileRef = 2B9DD12626FF084C00FCCCA9 /* Vincent.framework */; settings = {ATTRIBUTES = (CodeSignOnCopy, RemoveHeadersOnCopy, ); }; };
		2B9DD13826FF08C800FCCCA9 /* Authority.swift in Sources */ = {isa = PBXBuildFile; fileRef = 2B9DD13326FF08C800FCCCA9 /* Authority.swift */; };
		2B9DD14026FF08EB00FCCCA9 /* CameraManager.swift in Sources */ = {isa = PBXBuildFile; fileRef = 2B9DD13D26FF08EB00FCCCA9 /* CameraManager.swift */; };
		2B9DD14126FF08EB00FCCCA9 /* CameraManagerError.swift in Sources */ = {isa = PBXBuildFile; fileRef = 2B9DD13E26FF08EB00FCCCA9 /* CameraManagerError.swift */; };
		2B9DD14226FF08EB00FCCCA9 /* CameraRatio.swift in Sources */ = {isa = PBXBuildFile; fileRef = 2B9DD13F26FF08EB00FCCCA9 /* CameraRatio.swift */; };
		2B9DD14526FF08F900FCCCA9 /* MessageQueue.swift in Sources */ = {isa = PBXBuildFile; fileRef = 2B9DD14326FF08F900FCCCA9 /* MessageQueue.swift */; };
		2B9DD14626FF08F900FCCCA9 /* MovieWriter.swift in Sources */ = {isa = PBXBuildFile; fileRef = 2B9DD14426FF08F900FCCCA9 /* MovieWriter.swift */; };
		2B9DD15626FF0AA000FCCCA9 /* Video.swift in Sources */ = {isa = PBXBuildFile; fileRef = 2B9DD15126FF0AA000FCCCA9 /* Video.swift */; };
		2B9DD15726FF0AA000FCCCA9 /* Audio.swift in Sources */ = {isa = PBXBuildFile; fileRef = 2B9DD15326FF0AA000FCCCA9 /* Audio.swift */; };
		2B9DD15826FF0AA000FCCCA9 /* Photo.swift in Sources */ = {isa = PBXBuildFile; fileRef = 2B9DD15526FF0AA000FCCCA9 /* Photo.swift */; };
		2B9DD16126FF0AC300FCCCA9 /* float4x4+Extensions.swift in Sources */ = {isa = PBXBuildFile; fileRef = 2B9DD15A26FF0AC300FCCCA9 /* float4x4+Extensions.swift */; };
		2B9DD16226FF0AC300FCCCA9 /* RenderDeivceResource.swift in Sources */ = {isa = PBXBuildFile; fileRef = 2B9DD15C26FF0AC300FCCCA9 /* RenderDeivceResource.swift */; };
		2B9DD16326FF0AC300FCCCA9 /* RenderProtocols.swift in Sources */ = {isa = PBXBuildFile; fileRef = 2B9DD15D26FF0AC300FCCCA9 /* RenderProtocols.swift */; };
		2B9DD16426FF0AC300FCCCA9 /* Render.swift in Sources */ = {isa = PBXBuildFile; fileRef = 2B9DD15E26FF0AC300FCCCA9 /* Render.swift */; };
		2B9DD16526FF0AC300FCCCA9 /* Filter.swift in Sources */ = {isa = PBXBuildFile; fileRef = 2B9DD16026FF0AC300FCCCA9 /* Filter.swift */; };
		2B9DD16626FF0B8700FCCCA9 /* Authority.framework in Frameworks */ = {isa = PBXBuildFile; fileRef = 2B9DD0EF26FF073E00FCCCA9 /* Authority.framework */; };
		2B9DD16726FF0B8700FCCCA9 /* Authority.framework in Embed Frameworks */ = {isa = PBXBuildFile; fileRef = 2B9DD0EF26FF073E00FCCCA9 /* Authority.framework */; settings = {ATTRIBUTES = (CodeSignOnCopy, RemoveHeadersOnCopy, ); }; };
		2B9DD16B26FF0BA900FCCCA9 /* Vincent.framework in Frameworks */ = {isa = PBXBuildFile; fileRef = 2B9DD12626FF084C00FCCCA9 /* Vincent.framework */; };
		2B9DD16C26FF0BA900FCCCA9 /* Vincent.framework in Embed Frameworks */ = {isa = PBXBuildFile; fileRef = 2B9DD12626FF084C00FCCCA9 /* Vincent.framework */; settings = {ATTRIBUTES = (CodeSignOnCopy, RemoveHeadersOnCopy, ); }; };
		2B9DD17126FF0C1B00FCCCA9 /* SnapKit in Frameworks */ = {isa = PBXBuildFile; productRef = 2B9DD17026FF0C1B00FCCCA9 /* SnapKit */; };
		2B9DD17326FF0C3100FCCCA9 /* CombineCocoa in Frameworks */ = {isa = PBXBuildFile; productRef = 2B9DD17226FF0C3100FCCCA9 /* CombineCocoa */; };
		2B9DD17526FF0C3700FCCCA9 /* Swinject in Frameworks */ = {isa = PBXBuildFile; productRef = 2B9DD17426FF0C3700FCCCA9 /* Swinject */; };
		2F8497AC2D46FC037CCF4CA4 /* Photos.framework in Frameworks */ = {isa = PBXBuildFile; fileRef = 65043CBA0F21A86633CE8351 /* Photos.framework */; };
		41D8E419A051CB100DBE517F /* Shader.metal in Sources */ = {isa = PBXBuildFile; fileRef = 811C51F6196A7DA4184734AD /* Shader.metal */; };
		466EA7EC6B35B125DB42FCB0 /* NiblessView.swift in Sources */ = {isa = PBXBuildFile; fileRef = D36BC69D05FF25C557F17B17 /* NiblessView.swift */; };
		474F30B9716CCB8CF733889B /* SceneDelegate.swift in Sources */ = {isa = PBXBuildFile; fileRef = A9C8B8372DED6F44E9B8D423 /* SceneDelegate.swift */; };
		4F0823765D2CF5107E6C70DA /* EditorImageViewController.swift in Sources */ = {isa = PBXBuildFile; fileRef = C3F52ADDE6D6476A583E79A1 /* EditorImageViewController.swift */; };
		51A5B18E51D04A3655962A34 /* CameraToolBar.swift in Sources */ = {isa = PBXBuildFile; fileRef = FF7447F9980ECE6F5C21A956 /* CameraToolBar.swift */; };
		5A5E67E3D6D551895F5A629F /* CameraCaptureButton.swift in Sources */ = {isa = PBXBuildFile; fileRef = B9288C80D9A6EB906A72DEA2 /* CameraCaptureButton.swift */; };
		655B82A242A4EDDF08333413 /* MetalViewModel.swift in Sources */ = {isa = PBXBuildFile; fileRef = F814A4C75C319050D941C662 /* MetalViewModel.swift */; };
		7E7E39544A296FB8C52922FC /* ViewController.swift in Sources */ = {isa = PBXBuildFile; fileRef = 1C85FE54E1BD36C06A47086C /* ViewController.swift */; };
		967F2B2DFFAF6E5A1D062F55 /* RatioView.swift in Sources */ = {isa = PBXBuildFile; fileRef = 145AD837A54540B96B97BEA3 /* RatioView.swift */; };
		984B69F434F5F988818BF31B /* LaunchScreen.storyboard in Resources */ = {isa = PBXBuildFile; fileRef = 5AEEB8E93115C86EB35208E0 /* LaunchScreen.storyboard */; };
		A9F03DF03AFC137C20D19E40 /* EditorImageDisplayView.swift in Sources */ = {isa = PBXBuildFile; fileRef = E903A579EA2591CCCA4B38A1 /* EditorImageDisplayView.swift */; };
		B284D7D868901DA7EF8C748C /* Assets.xcassets in Resources */ = {isa = PBXBuildFile; fileRef = 36A9EB5A607E0C10DE655953 /* Assets.xcassets */; };
		BF144AC2D830A335F2BA2288 /* AppDependency.swift in Sources */ = {isa = PBXBuildFile; fileRef = E0F56AABF0CFA3E9598A891E /* AppDependency.swift */; };
		D78ACC4C2E99B466D3991F4D /* MainViewDependency.swift in Sources */ = {isa = PBXBuildFile; fileRef = 9348C1BAF4B190ED324A9636 /* MainViewDependency.swift */; };
		E7D08D521758D4C6F536D61D /* EditorImageViewModel.swift in Sources */ = {isa = PBXBuildFile; fileRef = 7812C0B6C010CFF73CBC4773 /* EditorImageViewModel.swift */; };
		EE41212A6E2B6A11DE615884 /* NiblessViewController.swift in Sources */ = {isa = PBXBuildFile; fileRef = 613F34057EC4CA68D05606C5 /* NiblessViewController.swift */; };
		EE46B2586EB32F934F40399A /* EditorDependency.swift in Sources */ = {isa = PBXBuildFile; fileRef = 6560B3EF50AD88A4D6323518 /* EditorDependency.swift */; };
		EF27C6FD50DDFE2B75975FD7 /* MainCameraViewController.swift in Sources */ = {isa = PBXBuildFile; fileRef = FD4D9D73DF25B199AFE5945E /* MainCameraViewController.swift */; };
		FD0E2DD54324A5CEC839A805 /* MainCameraViewModel.swift in Sources */ = {isa = PBXBuildFile; fileRef = B39B0E39A2D09F73833A833E /* MainCameraViewModel.swift */; };
/* End PBXBuildFile section */

/* Begin PBXContainerItemProxy section */
		2B9DD0F526FF073E00FCCCA9 /* PBXContainerItemProxy */ = {
			isa = PBXContainerItemProxy;
			containerPortal = 2B2D19F58DA875D84AA6D63B /* Project object */;
			proxyType = 1;
			remoteGlobalIDString = 2B9DD0EE26FF073E00FCCCA9;
			remoteInfo = Authority;
		};
		2B9DD10826FF07B500FCCCA9 /* PBXContainerItemProxy */ = {
			isa = PBXContainerItemProxy;
			containerPortal = 2B2D19F58DA875D84AA6D63B /* Project object */;
			proxyType = 1;
			remoteGlobalIDString = 2B9DD10126FF07B500FCCCA9;
			remoteInfo = Galilei;
		};
		2B9DD11A26FF083200FCCCA9 /* PBXContainerItemProxy */ = {
			isa = PBXContainerItemProxy;
			containerPortal = 2B2D19F58DA875D84AA6D63B /* Project object */;
			proxyType = 1;
			remoteGlobalIDString = 2B9DD11326FF083200FCCCA9;
			remoteInfo = MediaBox;
		};
		2B9DD12C26FF084C00FCCCA9 /* PBXContainerItemProxy */ = {
			isa = PBXContainerItemProxy;
			containerPortal = 2B2D19F58DA875D84AA6D63B /* Project object */;
			proxyType = 1;
			remoteGlobalIDString = 2B9DD12526FF084C00FCCCA9;
			remoteInfo = Vincent;
		};
		2B9DD16826FF0B8700FCCCA9 /* PBXContainerItemProxy */ = {
			isa = PBXContainerItemProxy;
			containerPortal = 2B2D19F58DA875D84AA6D63B /* Project object */;
			proxyType = 1;
			remoteGlobalIDString = 2B9DD0EE26FF073E00FCCCA9;
			remoteInfo = Authority;
		};
		2B9DD16D26FF0BA900FCCCA9 /* PBXContainerItemProxy */ = {
			isa = PBXContainerItemProxy;
			containerPortal = 2B2D19F58DA875D84AA6D63B /* Project object */;
			proxyType = 1;
			remoteGlobalIDString = 2B9DD12526FF084C00FCCCA9;
			remoteInfo = Vincent;
		};
/* End PBXContainerItemProxy section */

/* Begin PBXCopyFilesBuildPhase section */
		2B9DD0FC26FF073E00FCCCA9 /* Embed Frameworks */ = {
			isa = PBXCopyFilesBuildPhase;
			buildActionMask = 2147483647;
			dstPath = "";
			dstSubfolderSpec = 10;
			files = (
				2B9DD12F26FF084C00FCCCA9 /* Vincent.framework in Embed Frameworks */,
				2B9DD11D26FF083200FCCCA9 /* MediaBox.framework in Embed Frameworks */,
				2B9DD10B26FF07B500FCCCA9 /* Galilei.framework in Embed Frameworks */,
				2B9DD0F826FF073E00FCCCA9 /* Authority.framework in Embed Frameworks */,
			);
			name = "Embed Frameworks";
			runOnlyForDeploymentPostprocessing = 0;
		};
		2B9DD16A26FF0B8700FCCCA9 /* Embed Frameworks */ = {
			isa = PBXCopyFilesBuildPhase;
			buildActionMask = 2147483647;
			dstPath = "";
			dstSubfolderSpec = 10;
			files = (
				2B9DD16726FF0B8700FCCCA9 /* Authority.framework in Embed Frameworks */,
			);
			name = "Embed Frameworks";
			runOnlyForDeploymentPostprocessing = 0;
		};
		2B9DD16F26FF0BA900FCCCA9 /* Embed Frameworks */ = {
			isa = PBXCopyFilesBuildPhase;
			buildActionMask = 2147483647;
			dstPath = "";
			dstSubfolderSpec = 10;
			files = (
				2B9DD16C26FF0BA900FCCCA9 /* Vincent.framework in Embed Frameworks */,
			);
			name = "Embed Frameworks";
			runOnlyForDeploymentPostprocessing = 0;
		};
/* End PBXCopyFilesBuildPhase section */

/* Begin PBXFileReference section */
		12DCD2D64773D58CE6EA33AA /* AppDelegate.swift */ = {isa = PBXFileReference; lastKnownFileType = sourcecode.swift; path = AppDelegate.swift; sourceTree = "<group>"; };
		145AD837A54540B96B97BEA3 /* RatioView.swift */ = {isa = PBXFileReference; lastKnownFileType = sourcecode.swift; path = RatioView.swift; sourceTree = "<group>"; };
		1C85FE54E1BD36C06A47086C /* ViewController.swift */ = {isa = PBXFileReference; lastKnownFileType = sourcecode.swift; path = ViewController.swift; sourceTree = "<group>"; };
		2637396023E5F99C09EFE6DC /* AVFoundation.framework */ = {isa = PBXFileReference; lastKnownFileType = wrapper.framework; name = AVFoundation.framework; path = System/Library/Frameworks/AVFoundation.framework; sourceTree = SDKROOT; };
		2B9DD0EF26FF073E00FCCCA9 /* Authority.framework */ = {isa = PBXFileReference; explicitFileType = wrapper.framework; includeInIndex = 0; path = Authority.framework; sourceTree = BUILT_PRODUCTS_DIR; };
		2B9DD0F226FF073E00FCCCA9 /* Authority.docc */ = {isa = PBXFileReference; lastKnownFileType = folder.documentationcatalog; path = Authority.docc; sourceTree = "<group>"; };
		2B9DD10226FF07B500FCCCA9 /* Galilei.framework */ = {isa = PBXFileReference; explicitFileType = wrapper.framework; includeInIndex = 0; path = Galilei.framework; sourceTree = BUILT_PRODUCTS_DIR; };
		2B9DD10526FF07B500FCCCA9 /* Galilei.docc */ = {isa = PBXFileReference; lastKnownFileType = folder.documentationcatalog; path = Galilei.docc; sourceTree = "<group>"; };
		2B9DD11426FF083200FCCCA9 /* MediaBox.framework */ = {isa = PBXFileReference; explicitFileType = wrapper.framework; includeInIndex = 0; path = MediaBox.framework; sourceTree = BUILT_PRODUCTS_DIR; };
		2B9DD11726FF083200FCCCA9 /* MediaBox.docc */ = {isa = PBXFileReference; lastKnownFileType = folder.documentationcatalog; path = MediaBox.docc; sourceTree = "<group>"; };
		2B9DD12626FF084C00FCCCA9 /* Vincent.framework */ = {isa = PBXFileReference; explicitFileType = wrapper.framework; includeInIndex = 0; path = Vincent.framework; sourceTree = BUILT_PRODUCTS_DIR; };
		2B9DD12926FF084C00FCCCA9 /* Vincent.docc */ = {isa = PBXFileReference; lastKnownFileType = folder.documentationcatalog; path = Vincent.docc; sourceTree = "<group>"; };
		2B9DD13326FF08C800FCCCA9 /* Authority.swift */ = {isa = PBXFileReference; fileEncoding = 4; lastKnownFileType = sourcecode.swift; path = Authority.swift; sourceTree = "<group>"; };
		2B9DD13D26FF08EB00FCCCA9 /* CameraManager.swift */ = {isa = PBXFileReference; fileEncoding = 4; lastKnownFileType = sourcecode.swift; path = CameraManager.swift; sourceTree = "<group>"; };
		2B9DD13E26FF08EB00FCCCA9 /* CameraManagerError.swift */ = {isa = PBXFileReference; fileEncoding = 4; lastKnownFileType = sourcecode.swift; path = CameraManagerError.swift; sourceTree = "<group>"; };
		2B9DD13F26FF08EB00FCCCA9 /* CameraRatio.swift */ = {isa = PBXFileReference; fileEncoding = 4; lastKnownFileType = sourcecode.swift; path = CameraRatio.swift; sourceTree = "<group>"; };
		2B9DD14326FF08F900FCCCA9 /* MessageQueue.swift */ = {isa = PBXFileReference; fileEncoding = 4; lastKnownFileType = sourcecode.swift; path = MessageQueue.swift; sourceTree = "<group>"; };
		2B9DD14426FF08F900FCCCA9 /* MovieWriter.swift */ = {isa = PBXFileReference; fileEncoding = 4; lastKnownFileType = sourcecode.swift; path = MovieWriter.swift; sourceTree = "<group>"; };
		2B9DD15126FF0AA000FCCCA9 /* Video.swift */ = {isa = PBXFileReference; fileEncoding = 4; lastKnownFileType = sourcecode.swift; path = Video.swift; sourceTree = "<group>"; };
		2B9DD15326FF0AA000FCCCA9 /* Audio.swift */ = {isa = PBXFileReference; fileEncoding = 4; lastKnownFileType = sourcecode.swift; path = Audio.swift; sourceTree = "<group>"; };
		2B9DD15526FF0AA000FCCCA9 /* Photo.swift */ = {isa = PBXFileReference; fileEncoding = 4; lastKnownFileType = sourcecode.swift; path = Photo.swift; sourceTree = "<group>"; };
		2B9DD15A26FF0AC300FCCCA9 /* float4x4+Extensions.swift */ = {isa = PBXFileReference; fileEncoding = 4; lastKnownFileType = sourcecode.swift; path = "float4x4+Extensions.swift"; sourceTree = "<group>"; };
		2B9DD15C26FF0AC300FCCCA9 /* RenderDeivceResource.swift */ = {isa = PBXFileReference; fileEncoding = 4; lastKnownFileType = sourcecode.swift; path = RenderDeivceResource.swift; sourceTree = "<group>"; };
		2B9DD15D26FF0AC300FCCCA9 /* RenderProtocols.swift */ = {isa = PBXFileReference; fileEncoding = 4; lastKnownFileType = sourcecode.swift; path = RenderProtocols.swift; sourceTree = "<group>"; };
		2B9DD15E26FF0AC300FCCCA9 /* Render.swift */ = {isa = PBXFileReference; fileEncoding = 4; lastKnownFileType = sourcecode.swift; path = Render.swift; sourceTree = "<group>"; };
		2B9DD16026FF0AC300FCCCA9 /* Filter.swift */ = {isa = PBXFileReference; fileEncoding = 4; lastKnownFileType = sourcecode.swift; path = Filter.swift; sourceTree = "<group>"; };
		30C3E54E415343067C00C570 /* MetalViewController.swift */ = {isa = PBXFileReference; lastKnownFileType = sourcecode.swift; path = MetalViewController.swift; sourceTree = "<group>"; };
		36A9EB5A607E0C10DE655953 /* Assets.xcassets */ = {isa = PBXFileReference; lastKnownFileType = folder.assetcatalog; path = Assets.xcassets; sourceTree = "<group>"; };
		39AFCB141FCCD33F677E833C /* Base */ = {isa = PBXFileReference; lastKnownFileType = file.storyboard; name = Base; path = Base.lproj/LaunchScreen.storyboard; sourceTree = "<group>"; };
		5122DA0484B0405AA452862A /* Info.plist */ = {isa = PBXFileReference; lastKnownFileType = text.plist; path = Info.plist; sourceTree = "<group>"; };
		613F34057EC4CA68D05606C5 /* NiblessViewController.swift */ = {isa = PBXFileReference; lastKnownFileType = sourcecode.swift; path = NiblessViewController.swift; sourceTree = "<group>"; };
		65043CBA0F21A86633CE8351 /* Photos.framework */ = {isa = PBXFileReference; lastKnownFileType = wrapper.framework; name = Photos.framework; path = System/Library/Frameworks/Photos.framework; sourceTree = SDKROOT; };
		6560B3EF50AD88A4D6323518 /* EditorDependency.swift */ = {isa = PBXFileReference; lastKnownFileType = sourcecode.swift; path = EditorDependency.swift; sourceTree = "<group>"; };
		657FE9B2DDBDB8C3D98069BF /* PhotoCaptureProcessor.swift */ = {isa = PBXFileReference; lastKnownFileType = sourcecode.swift; path = PhotoCaptureProcessor.swift; sourceTree = "<group>"; };
		7812C0B6C010CFF73CBC4773 /* EditorImageViewModel.swift */ = {isa = PBXFileReference; lastKnownFileType = sourcecode.swift; path = EditorImageViewModel.swift; sourceTree = "<group>"; };
		811C51F6196A7DA4184734AD /* Shader.metal */ = {isa = PBXFileReference; lastKnownFileType = sourcecode.metal; path = Shader.metal; sourceTree = "<group>"; };
		9348C1BAF4B190ED324A9636 /* MainViewDependency.swift */ = {isa = PBXFileReference; lastKnownFileType = sourcecode.swift; path = MainViewDependency.swift; sourceTree = "<group>"; };
		938BAD83E9483F27127D1446 /* release.xcconfig */ = {isa = PBXFileReference; lastKnownFileType = text.xcconfig; path = release.xcconfig; sourceTree = "<group>"; };
		A9C8B8372DED6F44E9B8D423 /* SceneDelegate.swift */ = {isa = PBXFileReference; lastKnownFileType = sourcecode.swift; path = SceneDelegate.swift; sourceTree = "<group>"; };
		B39B0E39A2D09F73833A833E /* MainCameraViewModel.swift */ = {isa = PBXFileReference; lastKnownFileType = sourcecode.swift; path = MainCameraViewModel.swift; sourceTree = "<group>"; };
		B9288C80D9A6EB906A72DEA2 /* CameraCaptureButton.swift */ = {isa = PBXFileReference; lastKnownFileType = sourcecode.swift; path = CameraCaptureButton.swift; sourceTree = "<group>"; };
		C3F52ADDE6D6476A583E79A1 /* EditorImageViewController.swift */ = {isa = PBXFileReference; lastKnownFileType = sourcecode.swift; path = EditorImageViewController.swift; sourceTree = "<group>"; };
		C7DB2F22DA71F549A0F6522E /* debug.xcconfig */ = {isa = PBXFileReference; lastKnownFileType = text.xcconfig; path = debug.xcconfig; sourceTree = "<group>"; };
		CB40DDD8645AA6D8538CEFD8 /* libPods-VCamera.a */ = {isa = PBXFileReference; explicitFileType = archive.ar; includeInIndex = 0; path = "libPods-VCamera.a"; sourceTree = BUILT_PRODUCTS_DIR; };
		D36BC69D05FF25C557F17B17 /* NiblessView.swift */ = {isa = PBXFileReference; lastKnownFileType = sourcecode.swift; path = NiblessView.swift; sourceTree = "<group>"; };
		E0F56AABF0CFA3E9598A891E /* AppDependency.swift */ = {isa = PBXFileReference; lastKnownFileType = sourcecode.swift; path = AppDependency.swift; sourceTree = "<group>"; };
		E903A579EA2591CCCA4B38A1 /* EditorImageDisplayView.swift */ = {isa = PBXFileReference; lastKnownFileType = sourcecode.swift; path = EditorImageDisplayView.swift; sourceTree = "<group>"; };
		EB5BB0FC852AA004121205F4 /* VCamera.app */ = {isa = PBXFileReference; explicitFileType = wrapper.application; includeInIndex = 0; path = VCamera.app; sourceTree = BUILT_PRODUCTS_DIR; };
		F814A4C75C319050D941C662 /* MetalViewModel.swift */ = {isa = PBXFileReference; lastKnownFileType = sourcecode.swift; path = MetalViewModel.swift; sourceTree = "<group>"; };
		FD4D9D73DF25B199AFE5945E /* MainCameraViewController.swift */ = {isa = PBXFileReference; lastKnownFileType = sourcecode.swift; path = MainCameraViewController.swift; sourceTree = "<group>"; };
		FF7447F9980ECE6F5C21A956 /* CameraToolBar.swift */ = {isa = PBXFileReference; lastKnownFileType = sourcecode.swift; path = CameraToolBar.swift; sourceTree = "<group>"; };
/* End PBXFileReference section */

/* Begin PBXFrameworksBuildPhase section */
		2B9DD0EC26FF073E00FCCCA9 /* Frameworks */ = {
			isa = PBXFrameworksBuildPhase;
			buildActionMask = 2147483647;
			files = (
			);
			runOnlyForDeploymentPostprocessing = 0;
		};
		2B9DD0FF26FF07B500FCCCA9 /* Frameworks */ = {
			isa = PBXFrameworksBuildPhase;
			buildActionMask = 2147483647;
			files = (
				2B9DD16626FF0B8700FCCCA9 /* Authority.framework in Frameworks */,
			);
			runOnlyForDeploymentPostprocessing = 0;
		};
		2B9DD11126FF083200FCCCA9 /* Frameworks */ = {
			isa = PBXFrameworksBuildPhase;
			buildActionMask = 2147483647;
			files = (
				2B9DD16B26FF0BA900FCCCA9 /* Vincent.framework in Frameworks */,
			);
			runOnlyForDeploymentPostprocessing = 0;
		};
		2B9DD12326FF084C00FCCCA9 /* Frameworks */ = {
			isa = PBXFrameworksBuildPhase;
			buildActionMask = 2147483647;
			files = (
			);
			runOnlyForDeploymentPostprocessing = 0;
		};
		2F753E588DA15FCC71E0ABB6 /* Frameworks */ = {
			isa = PBXFrameworksBuildPhase;
			buildActionMask = 2147483647;
			files = (
				2B9DD10A26FF07B500FCCCA9 /* Galilei.framework in Frameworks */,
				2B9DD11C26FF083200FCCCA9 /* MediaBox.framework in Frameworks */,
				28F333A0D367AC0C6980F890 /* AVFoundation.framework in Frameworks */,
				2B9DD17126FF0C1B00FCCCA9 /* SnapKit in Frameworks */,
				2F8497AC2D46FC037CCF4CA4 /* Photos.framework in Frameworks */,
				2B9DD17526FF0C3700FCCCA9 /* Swinject in Frameworks */,
				2B9DD12E26FF084C00FCCCA9 /* Vincent.framework in Frameworks */,
				2B9DD17326FF0C3100FCCCA9 /* CombineCocoa in Frameworks */,
				2B9DD0F726FF073E00FCCCA9 /* Authority.framework in Frameworks */,
			);
			runOnlyForDeploymentPostprocessing = 0;
		};
/* End PBXFrameworksBuildPhase section */

/* Begin PBXGroup section */
		2B9DD0F026FF073E00FCCCA9 /* Authority */ = {
			isa = PBXGroup;
			children = (
				2B9DD15226FF0AA000FCCCA9 /* Audio */,
				2B9DD15426FF0AA000FCCCA9 /* Photo */,
				2B9DD15026FF0AA000FCCCA9 /* Video */,
				2B9DD13326FF08C800FCCCA9 /* Authority.swift */,
				2B9DD0F226FF073E00FCCCA9 /* Authority.docc */,
			);
			path = Authority;
			sourceTree = "<group>";
		};
		2B9DD10326FF07B500FCCCA9 /* Galilei */ = {
			isa = PBXGroup;
			children = (
				2B9DD13D26FF08EB00FCCCA9 /* CameraManager.swift */,
				2B9DD13E26FF08EB00FCCCA9 /* CameraManagerError.swift */,
				2B9DD13F26FF08EB00FCCCA9 /* CameraRatio.swift */,
				2B9DD10526FF07B500FCCCA9 /* Galilei.docc */,
			);
			path = Galilei;
			sourceTree = "<group>";
		};
		2B9DD11526FF083200FCCCA9 /* MediaBox */ = {
			isa = PBXGroup;
			children = (
				2B9DD14326FF08F900FCCCA9 /* MessageQueue.swift */,
				2B9DD14426FF08F900FCCCA9 /* MovieWriter.swift */,
				2B9DD11726FF083200FCCCA9 /* MediaBox.docc */,
			);
			path = MediaBox;
			sourceTree = "<group>";
		};
		2B9DD12726FF084C00FCCCA9 /* Vincent */ = {
			isa = PBXGroup;
			children = (
				2B9DD15926FF0AC300FCCCA9 /* Base */,
				2B9DD15F26FF0AC300FCCCA9 /* Filter */,
				2B9DD15B26FF0AC300FCCCA9 /* Render */,
				2B9DD12926FF084C00FCCCA9 /* Vincent.docc */,
			);
			path = Vincent;
			sourceTree = "<group>";
		};
		2B9DD15026FF0AA000FCCCA9 /* Video */ = {
			isa = PBXGroup;
			children = (
				2B9DD15126FF0AA000FCCCA9 /* Video.swift */,
			);
			path = Video;
			sourceTree = "<group>";
		};
		2B9DD15226FF0AA000FCCCA9 /* Audio */ = {
			isa = PBXGroup;
			children = (
				2B9DD15326FF0AA000FCCCA9 /* Audio.swift */,
			);
			path = Audio;
			sourceTree = "<group>";
		};
		2B9DD15426FF0AA000FCCCA9 /* Photo */ = {
			isa = PBXGroup;
			children = (
				2B9DD15526FF0AA000FCCCA9 /* Photo.swift */,
			);
			path = Photo;
			sourceTree = "<group>";
		};
		2B9DD15926FF0AC300FCCCA9 /* Base */ = {
			isa = PBXGroup;
			children = (
				2B9DD15A26FF0AC300FCCCA9 /* float4x4+Extensions.swift */,
			);
			path = Base;
			sourceTree = "<group>";
		};
		2B9DD15B26FF0AC300FCCCA9 /* Render */ = {
			isa = PBXGroup;
			children = (
				2B9DD15C26FF0AC300FCCCA9 /* RenderDeivceResource.swift */,
				2B9DD15D26FF0AC300FCCCA9 /* RenderProtocols.swift */,
				2B9DD15E26FF0AC300FCCCA9 /* Render.swift */,
			);
			path = Render;
			sourceTree = "<group>";
		};
		2B9DD15F26FF0AC300FCCCA9 /* Filter */ = {
			isa = PBXGroup;
			children = (
				2B9DD16026FF0AC300FCCCA9 /* Filter.swift */,
			);
			path = Filter;
			sourceTree = "<group>";
		};
		307A46453739348FF6EB936B /* Base */ = {
			isa = PBXGroup;
			children = (
				D36BC69D05FF25C557F17B17 /* NiblessView.swift */,
				613F34057EC4CA68D05606C5 /* NiblessViewController.swift */,
			);
			path = Base;
			sourceTree = "<group>";
		};
		31F736CDAC9070B87F295556 /* Frameworks */ = {
			isa = PBXGroup;
			children = (
				2637396023E5F99C09EFE6DC /* AVFoundation.framework */,
				65043CBA0F21A86633CE8351 /* Photos.framework */,
				CB40DDD8645AA6D8538CEFD8 /* libPods-VCamera.a */,
			);
			name = Frameworks;
			sourceTree = "<group>";
		};
		3EAC1005291559C7CBD63B83 /* Ratio */ = {
			isa = PBXGroup;
			children = (
				145AD837A54540B96B97BEA3 /* RatioView.swift */,
			);
			path = Ratio;
			sourceTree = "<group>";
		};
		407468A429ABAF4288BF1712 /* Configurations */ = {
			isa = PBXGroup;
			children = (
				C7DB2F22DA71F549A0F6522E /* debug.xcconfig */,
				938BAD83E9483F27127D1446 /* release.xcconfig */,
			);
			path = Configurations;
			sourceTree = "<group>";
		};
		431297E10F9A19829FECAD65 /* MainCamera */ = {
			isa = PBXGroup;
			children = (
				FD4D9D73DF25B199AFE5945E /* MainCameraViewController.swift */,
				B39B0E39A2D09F73833A833E /* MainCameraViewModel.swift */,
				1C85FE54E1BD36C06A47086C /* ViewController.swift */,
				455C2DB089BAA1AF3F650871 /* View */,
			);
			path = MainCamera;
			sourceTree = "<group>";
		};
		455C2DB089BAA1AF3F650871 /* View */ = {
			isa = PBXGroup;
			children = (
				B9288C80D9A6EB906A72DEA2 /* CameraCaptureButton.swift */,
				FF7447F9980ECE6F5C21A956 /* CameraToolBar.swift */,
			);
			path = View;
			sourceTree = "<group>";
		};
		5B8D1B77042E2B9A49F497D2 /* Main */ = {
			isa = PBXGroup;
			children = (
				12DCD2D64773D58CE6EA33AA /* AppDelegate.swift */,
				E0F56AABF0CFA3E9598A891E /* AppDependency.swift */,
				9348C1BAF4B190ED324A9636 /* MainViewDependency.swift */,
				A9C8B8372DED6F44E9B8D423 /* SceneDelegate.swift */,
			);
			path = Main;
			sourceTree = "<group>";
		};
		64923F70005644181BA055FE /* Editor */ = {
			isa = PBXGroup;
			children = (
				6560B3EF50AD88A4D6323518 /* EditorDependency.swift */,
				E903A579EA2591CCCA4B38A1 /* EditorImageDisplayView.swift */,
				C3F52ADDE6D6476A583E79A1 /* EditorImageViewController.swift */,
				7812C0B6C010CFF73CBC4773 /* EditorImageViewModel.swift */,
			);
			path = Editor;
			sourceTree = "<group>";
		};
		719544C5CA8505BEADA0D5A6 /* Preview */ = {
			isa = PBXGroup;
			children = (
				30C3E54E415343067C00C570 /* MetalViewController.swift */,
				F814A4C75C319050D941C662 /* MetalViewModel.swift */,
				657FE9B2DDBDB8C3D98069BF /* PhotoCaptureProcessor.swift */,
				811C51F6196A7DA4184734AD /* Shader.metal */,
			);
			path = Preview;
			sourceTree = "<group>";
		};
		834A6F466746C3A2E516660E /* VCamera */ = {
			isa = PBXGroup;
			children = (
				36A9EB5A607E0C10DE655953 /* Assets.xcassets */,
				5122DA0484B0405AA452862A /* Info.plist */,
				5AEEB8E93115C86EB35208E0 /* LaunchScreen.storyboard */,
				307A46453739348FF6EB936B /* Base */,
				64923F70005644181BA055FE /* Editor */,
				5B8D1B77042E2B9A49F497D2 /* Main */,
				431297E10F9A19829FECAD65 /* MainCamera */,
				719544C5CA8505BEADA0D5A6 /* Preview */,
				3EAC1005291559C7CBD63B83 /* Ratio */,
			);
			path = VCamera;
			sourceTree = "<group>";
		};
		8C5668E5E48271924C745C25 /* Products */ = {
			isa = PBXGroup;
			children = (
				EB5BB0FC852AA004121205F4 /* VCamera.app */,
				2B9DD0EF26FF073E00FCCCA9 /* Authority.framework */,
				2B9DD10226FF07B500FCCCA9 /* Galilei.framework */,
				2B9DD11426FF083200FCCCA9 /* MediaBox.framework */,
				2B9DD12626FF084C00FCCCA9 /* Vincent.framework */,
			);
			name = Products;
			sourceTree = "<group>";
		};
		9BF0EDF8C567A8C9A23BF3B8 = {
			isa = PBXGroup;
			children = (
				407468A429ABAF4288BF1712 /* Configurations */,
				834A6F466746C3A2E516660E /* VCamera */,
				2B9DD0F026FF073E00FCCCA9 /* Authority */,
				2B9DD10326FF07B500FCCCA9 /* Galilei */,
				2B9DD11526FF083200FCCCA9 /* MediaBox */,
				2B9DD12726FF084C00FCCCA9 /* Vincent */,
				31F736CDAC9070B87F295556 /* Frameworks */,
				8C5668E5E48271924C745C25 /* Products */,
			);
			sourceTree = "<group>";
		};
/* End PBXGroup section */

/* Begin PBXHeadersBuildPhase section */
		2B9DD0EA26FF073E00FCCCA9 /* Headers */ = {
			isa = PBXHeadersBuildPhase;
			buildActionMask = 2147483647;
			files = (
			);
			runOnlyForDeploymentPostprocessing = 0;
		};
		2B9DD0FD26FF07B500FCCCA9 /* Headers */ = {
			isa = PBXHeadersBuildPhase;
			buildActionMask = 2147483647;
			files = (
			);
			runOnlyForDeploymentPostprocessing = 0;
		};
		2B9DD10F26FF083200FCCCA9 /* Headers */ = {
			isa = PBXHeadersBuildPhase;
			buildActionMask = 2147483647;
			files = (
			);
			runOnlyForDeploymentPostprocessing = 0;
		};
		2B9DD12126FF084C00FCCCA9 /* Headers */ = {
			isa = PBXHeadersBuildPhase;
			buildActionMask = 2147483647;
			files = (
			);
			runOnlyForDeploymentPostprocessing = 0;
		};
/* End PBXHeadersBuildPhase section */

/* Begin PBXNativeTarget section */
		1621D68C3395160A5E234E65 /* VCamera */ = {
			isa = PBXNativeTarget;
			buildConfigurationList = 152A9DF389220559A593E952 /* Build configuration list for PBXNativeTarget "VCamera" */;
			buildPhases = (
				AA34E742A9B9C4781F6F648F /* Sources */,
				245B566575F5B962706BE1E6 /* Resources */,
				2F753E588DA15FCC71E0ABB6 /* Frameworks */,
				2B9DD0FC26FF073E00FCCCA9 /* Embed Frameworks */,
			);
			buildRules = (
			);
			dependencies = (
				2B9DD0F626FF073E00FCCCA9 /* PBXTargetDependency */,
				2B9DD10926FF07B500FCCCA9 /* PBXTargetDependency */,
				2B9DD11B26FF083200FCCCA9 /* PBXTargetDependency */,
				2B9DD12D26FF084C00FCCCA9 /* PBXTargetDependency */,
			);
			name = VCamera;
			packageProductDependencies = (
				2B9DD17026FF0C1B00FCCCA9 /* SnapKit */,
				2B9DD17226FF0C3100FCCCA9 /* CombineCocoa */,
				2B9DD17426FF0C3700FCCCA9 /* Swinject */,
			);
			productName = VCamera;
			productReference = EB5BB0FC852AA004121205F4 /* VCamera.app */;
			productType = "com.apple.product-type.application";
		};
		2B9DD0EE26FF073E00FCCCA9 /* Authority */ = {
			isa = PBXNativeTarget;
			buildConfigurationList = 2B9DD0F926FF073E00FCCCA9 /* Build configuration list for PBXNativeTarget "Authority" */;
			buildPhases = (
				2B9DD0EA26FF073E00FCCCA9 /* Headers */,
				2B9DD0EB26FF073E00FCCCA9 /* Sources */,
				2B9DD0EC26FF073E00FCCCA9 /* Frameworks */,
				2B9DD0ED26FF073E00FCCCA9 /* Resources */,
			);
			buildRules = (
			);
			dependencies = (
			);
			name = Authority;
			productName = Authority;
			productReference = 2B9DD0EF26FF073E00FCCCA9 /* Authority.framework */;
			productType = "com.apple.product-type.framework";
		};
		2B9DD10126FF07B500FCCCA9 /* Galilei */ = {
			isa = PBXNativeTarget;
			buildConfigurationList = 2B9DD10C26FF07B500FCCCA9 /* Build configuration list for PBXNativeTarget "Galilei" */;
			buildPhases = (
				2B9DD0FD26FF07B500FCCCA9 /* Headers */,
				2B9DD0FE26FF07B500FCCCA9 /* Sources */,
				2B9DD0FF26FF07B500FCCCA9 /* Frameworks */,
				2B9DD10026FF07B500FCCCA9 /* Resources */,
				2B9DD16A26FF0B8700FCCCA9 /* Embed Frameworks */,
			);
			buildRules = (
			);
			dependencies = (
				2B9DD16926FF0B8700FCCCA9 /* PBXTargetDependency */,
			);
			name = Galilei;
			productName = Galilei;
			productReference = 2B9DD10226FF07B500FCCCA9 /* Galilei.framework */;
			productType = "com.apple.product-type.framework";
		};
		2B9DD11326FF083200FCCCA9 /* MediaBox */ = {
			isa = PBXNativeTarget;
			buildConfigurationList = 2B9DD11E26FF083200FCCCA9 /* Build configuration list for PBXNativeTarget "MediaBox" */;
			buildPhases = (
				2B9DD10F26FF083200FCCCA9 /* Headers */,
				2B9DD11026FF083200FCCCA9 /* Sources */,
				2B9DD11126FF083200FCCCA9 /* Frameworks */,
				2B9DD11226FF083200FCCCA9 /* Resources */,
				2B9DD16F26FF0BA900FCCCA9 /* Embed Frameworks */,
			);
			buildRules = (
			);
			dependencies = (
				2B9DD16E26FF0BA900FCCCA9 /* PBXTargetDependency */,
			);
			name = MediaBox;
			productName = MediaBox;
			productReference = 2B9DD11426FF083200FCCCA9 /* MediaBox.framework */;
			productType = "com.apple.product-type.framework";
		};
		2B9DD12526FF084C00FCCCA9 /* Vincent */ = {
			isa = PBXNativeTarget;
			buildConfigurationList = 2B9DD13026FF084C00FCCCA9 /* Build configuration list for PBXNativeTarget "Vincent" */;
			buildPhases = (
				2B9DD12126FF084C00FCCCA9 /* Headers */,
				2B9DD12226FF084C00FCCCA9 /* Sources */,
				2B9DD12326FF084C00FCCCA9 /* Frameworks */,
				2B9DD12426FF084C00FCCCA9 /* Resources */,
			);
			buildRules = (
			);
			dependencies = (
			);
			name = Vincent;
			productName = Vincent;
			productReference = 2B9DD12626FF084C00FCCCA9 /* Vincent.framework */;
			productType = "com.apple.product-type.framework";
		};
/* End PBXNativeTarget section */

/* Begin PBXProject section */
		2B2D19F58DA875D84AA6D63B /* Project object */ = {
			isa = PBXProject;
			attributes = {
				LastSwiftUpdateCheck = 1210;
				LastUpgradeCheck = 1300;
				TargetAttributes = {
					2B9DD0EE26FF073E00FCCCA9 = {
						CreatedOnToolsVersion = 13.0;
					};
					2B9DD10126FF07B500FCCCA9 = {
						CreatedOnToolsVersion = 13.0;
					};
					2B9DD11326FF083200FCCCA9 = {
						CreatedOnToolsVersion = 13.0;
					};
					2B9DD12526FF084C00FCCCA9 = {
						CreatedOnToolsVersion = 13.0;
					};
				};
			};
			buildConfigurationList = 1354789D5529EFAA4B07A402 /* Build configuration list for PBXProject "VCamera" */;
			compatibilityVersion = "Xcode 10.0";
			developmentRegion = en;
			hasScannedForEncodings = 0;
			knownRegions = (
				Base,
				en,
			);
			mainGroup = 9BF0EDF8C567A8C9A23BF3B8;
			packageReferences = (
				D2DC69972691A4B200C0E1C6 /* XCRemoteSwiftPackageReference "SnapKit" */,
				D2DC699A2691A4BC00C0E1C6 /* XCRemoteSwiftPackageReference "Swinject" */,
				D2DC699D2691A4D500C0E1C6 /* XCRemoteSwiftPackageReference "CombineCocoa" */,
			);
			productRefGroup = 8C5668E5E48271924C745C25 /* Products */;
			projectDirPath = "";
			projectRoot = "";
			targets = (
				1621D68C3395160A5E234E65 /* VCamera */,
				2B9DD0EE26FF073E00FCCCA9 /* Authority */,
				2B9DD10126FF07B500FCCCA9 /* Galilei */,
				2B9DD11326FF083200FCCCA9 /* MediaBox */,
				2B9DD12526FF084C00FCCCA9 /* Vincent */,
			);
		};
/* End PBXProject section */

/* Begin PBXResourcesBuildPhase section */
		245B566575F5B962706BE1E6 /* Resources */ = {
			isa = PBXResourcesBuildPhase;
			buildActionMask = 2147483647;
			files = (
				B284D7D868901DA7EF8C748C /* Assets.xcassets in Resources */,
				984B69F434F5F988818BF31B /* LaunchScreen.storyboard in Resources */,
			);
			runOnlyForDeploymentPostprocessing = 0;
		};
		2B9DD0ED26FF073E00FCCCA9 /* Resources */ = {
			isa = PBXResourcesBuildPhase;
			buildActionMask = 2147483647;
			files = (
			);
			runOnlyForDeploymentPostprocessing = 0;
		};
		2B9DD10026FF07B500FCCCA9 /* Resources */ = {
			isa = PBXResourcesBuildPhase;
			buildActionMask = 2147483647;
			files = (
			);
			runOnlyForDeploymentPostprocessing = 0;
		};
		2B9DD11226FF083200FCCCA9 /* Resources */ = {
			isa = PBXResourcesBuildPhase;
			buildActionMask = 2147483647;
			files = (
			);
			runOnlyForDeploymentPostprocessing = 0;
		};
		2B9DD12426FF084C00FCCCA9 /* Resources */ = {
			isa = PBXResourcesBuildPhase;
			buildActionMask = 2147483647;
			files = (
			);
			runOnlyForDeploymentPostprocessing = 0;
		};
/* End PBXResourcesBuildPhase section */

/* Begin PBXSourcesBuildPhase section */
		2B9DD0EB26FF073E00FCCCA9 /* Sources */ = {
			isa = PBXSourcesBuildPhase;
			buildActionMask = 2147483647;
			files = (
				2B9DD15826FF0AA000FCCCA9 /* Photo.swift in Sources */,
				2B9DD0F326FF073E00FCCCA9 /* Authority.docc in Sources */,
				2B9DD15626FF0AA000FCCCA9 /* Video.swift in Sources */,
				2B9DD13826FF08C800FCCCA9 /* Authority.swift in Sources */,
				2B9DD15726FF0AA000FCCCA9 /* Audio.swift in Sources */,
			);
			runOnlyForDeploymentPostprocessing = 0;
		};
		2B9DD0FE26FF07B500FCCCA9 /* Sources */ = {
			isa = PBXSourcesBuildPhase;
			buildActionMask = 2147483647;
			files = (
				2B9DD14226FF08EB00FCCCA9 /* CameraRatio.swift in Sources */,
				2B9DD14026FF08EB00FCCCA9 /* CameraManager.swift in Sources */,
				2B9DD10626FF07B500FCCCA9 /* Galilei.docc in Sources */,
				2B9DD14126FF08EB00FCCCA9 /* CameraManagerError.swift in Sources */,
			);
			runOnlyForDeploymentPostprocessing = 0;
		};
		2B9DD11026FF083200FCCCA9 /* Sources */ = {
			isa = PBXSourcesBuildPhase;
			buildActionMask = 2147483647;
			files = (
				2B9DD11826FF083200FCCCA9 /* MediaBox.docc in Sources */,
				2B9DD14626FF08F900FCCCA9 /* MovieWriter.swift in Sources */,
				2B9DD14526FF08F900FCCCA9 /* MessageQueue.swift in Sources */,
			);
			runOnlyForDeploymentPostprocessing = 0;
		};
		2B9DD12226FF084C00FCCCA9 /* Sources */ = {
			isa = PBXSourcesBuildPhase;
			buildActionMask = 2147483647;
			files = (
				2B9DD16426FF0AC300FCCCA9 /* Render.swift in Sources */,
				2B9DD16526FF0AC300FCCCA9 /* Filter.swift in Sources */,
				2B9DD16226FF0AC300FCCCA9 /* RenderDeivceResource.swift in Sources */,
				2B9DD16326FF0AC300FCCCA9 /* RenderProtocols.swift in Sources */,
				2B9DD12A26FF084C00FCCCA9 /* Vincent.docc in Sources */,
				2B9DD16126FF0AC300FCCCA9 /* float4x4+Extensions.swift in Sources */,
			);
			runOnlyForDeploymentPostprocessing = 0;
		};
		AA34E742A9B9C4781F6F648F /* Sources */ = {
			isa = PBXSourcesBuildPhase;
			buildActionMask = 2147483647;
			files = (
				297EA902A53380D5CDF9F1C9 /* AppDelegate.swift in Sources */,
				BF144AC2D830A335F2BA2288 /* AppDependency.swift in Sources */,
				5A5E67E3D6D551895F5A629F /* CameraCaptureButton.swift in Sources */,
				51A5B18E51D04A3655962A34 /* CameraToolBar.swift in Sources */,
				EE46B2586EB32F934F40399A /* EditorDependency.swift in Sources */,
				A9F03DF03AFC137C20D19E40 /* EditorImageDisplayView.swift in Sources */,
				4F0823765D2CF5107E6C70DA /* EditorImageViewController.swift in Sources */,
				E7D08D521758D4C6F536D61D /* EditorImageViewModel.swift in Sources */,
				EF27C6FD50DDFE2B75975FD7 /* MainCameraViewController.swift in Sources */,
				FD0E2DD54324A5CEC839A805 /* MainCameraViewModel.swift in Sources */,
				D78ACC4C2E99B466D3991F4D /* MainViewDependency.swift in Sources */,
				0B742C84B4EC131B1ED2F8E1 /* MetalViewController.swift in Sources */,
				655B82A242A4EDDF08333413 /* MetalViewModel.swift in Sources */,
				466EA7EC6B35B125DB42FCB0 /* NiblessView.swift in Sources */,
				EE41212A6E2B6A11DE615884 /* NiblessViewController.swift in Sources */,
				22CD20DFA38846C797255E39 /* PhotoCaptureProcessor.swift in Sources */,
				967F2B2DFFAF6E5A1D062F55 /* RatioView.swift in Sources */,
				474F30B9716CCB8CF733889B /* SceneDelegate.swift in Sources */,
				41D8E419A051CB100DBE517F /* Shader.metal in Sources */,
				7E7E39544A296FB8C52922FC /* ViewController.swift in Sources */,
			);
			runOnlyForDeploymentPostprocessing = 0;
		};
/* End PBXSourcesBuildPhase section */

/* Begin PBXTargetDependency section */
		2B9DD0F626FF073E00FCCCA9 /* PBXTargetDependency */ = {
			isa = PBXTargetDependency;
			target = 2B9DD0EE26FF073E00FCCCA9 /* Authority */;
			targetProxy = 2B9DD0F526FF073E00FCCCA9 /* PBXContainerItemProxy */;
		};
		2B9DD10926FF07B500FCCCA9 /* PBXTargetDependency */ = {
			isa = PBXTargetDependency;
			target = 2B9DD10126FF07B500FCCCA9 /* Galilei */;
			targetProxy = 2B9DD10826FF07B500FCCCA9 /* PBXContainerItemProxy */;
		};
		2B9DD11B26FF083200FCCCA9 /* PBXTargetDependency */ = {
			isa = PBXTargetDependency;
			target = 2B9DD11326FF083200FCCCA9 /* MediaBox */;
			targetProxy = 2B9DD11A26FF083200FCCCA9 /* PBXContainerItemProxy */;
		};
		2B9DD12D26FF084C00FCCCA9 /* PBXTargetDependency */ = {
			isa = PBXTargetDependency;
			target = 2B9DD12526FF084C00FCCCA9 /* Vincent */;
			targetProxy = 2B9DD12C26FF084C00FCCCA9 /* PBXContainerItemProxy */;
		};
		2B9DD16926FF0B8700FCCCA9 /* PBXTargetDependency */ = {
			isa = PBXTargetDependency;
			target = 2B9DD0EE26FF073E00FCCCA9 /* Authority */;
			targetProxy = 2B9DD16826FF0B8700FCCCA9 /* PBXContainerItemProxy */;
		};
		2B9DD16E26FF0BA900FCCCA9 /* PBXTargetDependency */ = {
			isa = PBXTargetDependency;
			target = 2B9DD12526FF084C00FCCCA9 /* Vincent */;
			targetProxy = 2B9DD16D26FF0BA900FCCCA9 /* PBXContainerItemProxy */;
		};
/* End PBXTargetDependency section */

/* Begin PBXVariantGroup section */
		5AEEB8E93115C86EB35208E0 /* LaunchScreen.storyboard */ = {
			isa = PBXVariantGroup;
			children = (
				39AFCB141FCCD33F677E833C /* Base */,
			);
			name = LaunchScreen.storyboard;
			sourceTree = "<group>";
		};
/* End PBXVariantGroup section */

/* Begin XCBuildConfiguration section */
		0A52BCA79D62F660F6F53246 /* Debug */ = {
			isa = XCBuildConfiguration;
			buildSettings = {
				ALWAYS_EMBED_SWIFT_STANDARD_LIBRARIES = YES;
				ASSETCATALOG_COMPILER_APPICON_NAME = AppIcon;
				CODE_SIGN_IDENTITY = "iPhone Developer";
				DEVELOPMENT_TEAM = F6L92Q8QNM;
				INFOPLIST_FILE = VCamera/Info.plist;
				IPHONEOS_DEPLOYMENT_TARGET = 14.5;
				LD_RUNPATH_SEARCH_PATHS = (
					"$(inherited)",
					"@executable_path/Frameworks",
				);
				SDKROOT = iphoneos;
				TARGETED_DEVICE_FAMILY = "1,2";
			};
			name = Debug;
		};
		2B9DD0FA26FF073E00FCCCA9 /* Debug */ = {
			isa = XCBuildConfiguration;
			buildSettings = {
				CLANG_CXX_LANGUAGE_STANDARD = "gnu++17";
				CODE_SIGN_IDENTITY = "";
				CODE_SIGN_STYLE = Automatic;
				CURRENT_PROJECT_VERSION = 1;
				DEFINES_MODULE = YES;
				DEVELOPMENT_TEAM = F6L92Q8QNM;
				DYLIB_COMPATIBILITY_VERSION = 1;
				DYLIB_CURRENT_VERSION = 1;
				DYLIB_INSTALL_NAME_BASE = "@rpath";
				GCC_PREPROCESSOR_DEFINITIONS = (
					"DEBUG=1",
					"$(inherited)",
				);
				GENERATE_INFOPLIST_FILE = YES;
				INFOPLIST_KEY_NSHumanReadableCopyright = "";
				INSTALL_PATH = "$(LOCAL_LIBRARY_DIR)/Frameworks";
				IPHONEOS_DEPLOYMENT_TARGET = 13.0;
				LD_RUNPATH_SEARCH_PATHS = (
					"$(inherited)",
					"@executable_path/Frameworks",
					"@loader_path/Frameworks",
				);
				MACH_O_TYPE = staticlib;
				MARKETING_VERSION = 1.0;
				PRODUCT_BUNDLE_IDENTIFIER = com.bytedance.com.Authority;
				PRODUCT_NAME = "$(TARGET_NAME:c99extidentifier)";
				SKIP_INSTALL = YES;
				SUPPORTS_MACCATALYST = NO;
				SWIFT_EMIT_LOC_STRINGS = YES;
				SWIFT_VERSION = 5.0;
				TARGETED_DEVICE_FAMILY = "1,2";
				VERSIONING_SYSTEM = "apple-generic";
				VERSION_INFO_PREFIX = "";
			};
			name = Debug;
		};
		2B9DD0FB26FF073E00FCCCA9 /* Release */ = {
			isa = XCBuildConfiguration;
			buildSettings = {
				CLANG_CXX_LANGUAGE_STANDARD = "gnu++17";
				CODE_SIGN_IDENTITY = "";
				CODE_SIGN_STYLE = Automatic;
				CURRENT_PROJECT_VERSION = 1;
				DEFINES_MODULE = YES;
				DEVELOPMENT_TEAM = F6L92Q8QNM;
				DYLIB_COMPATIBILITY_VERSION = 1;
				DYLIB_CURRENT_VERSION = 1;
				DYLIB_INSTALL_NAME_BASE = "@rpath";
				GENERATE_INFOPLIST_FILE = YES;
				INFOPLIST_KEY_NSHumanReadableCopyright = "";
				INSTALL_PATH = "$(LOCAL_LIBRARY_DIR)/Frameworks";
				IPHONEOS_DEPLOYMENT_TARGET = 13.0;
				LD_RUNPATH_SEARCH_PATHS = (
					"$(inherited)",
					"@executable_path/Frameworks",
					"@loader_path/Frameworks",
				);
				MACH_O_TYPE = staticlib;
				MARKETING_VERSION = 1.0;
				PRODUCT_BUNDLE_IDENTIFIER = com.bytedance.com.Authority;
				PRODUCT_NAME = "$(TARGET_NAME:c99extidentifier)";
				SKIP_INSTALL = YES;
				SUPPORTS_MACCATALYST = NO;
				SWIFT_EMIT_LOC_STRINGS = YES;
				SWIFT_VERSION = 5.0;
				TARGETED_DEVICE_FAMILY = "1,2";
				VALIDATE_PRODUCT = YES;
				VERSIONING_SYSTEM = "apple-generic";
				VERSION_INFO_PREFIX = "";
			};
			name = Release;
		};
		2B9DD10D26FF07B500FCCCA9 /* Debug */ = {
			isa = XCBuildConfiguration;
			buildSettings = {
				CLANG_CXX_LANGUAGE_STANDARD = "gnu++17";
				CODE_SIGN_IDENTITY = "";
				CODE_SIGN_STYLE = Automatic;
				CURRENT_PROJECT_VERSION = 1;
				DEFINES_MODULE = YES;
				DEVELOPMENT_TEAM = F6L92Q8QNM;
				DYLIB_COMPATIBILITY_VERSION = 1;
				DYLIB_CURRENT_VERSION = 1;
				DYLIB_INSTALL_NAME_BASE = "@rpath";
				GCC_PREPROCESSOR_DEFINITIONS = (
					"DEBUG=1",
					"$(inherited)",
				);
				GENERATE_INFOPLIST_FILE = YES;
				INFOPLIST_KEY_NSHumanReadableCopyright = "";
				INSTALL_PATH = "$(LOCAL_LIBRARY_DIR)/Frameworks";
				IPHONEOS_DEPLOYMENT_TARGET = 13.0;
				LD_RUNPATH_SEARCH_PATHS = (
					"$(inherited)",
					"@executable_path/Frameworks",
					"@loader_path/Frameworks",
				);
				MACH_O_TYPE = staticlib;
				MARKETING_VERSION = 1.0;
				PRODUCT_BUNDLE_IDENTIFIER = com.bytedance.com.Galilei;
				PRODUCT_NAME = "$(TARGET_NAME:c99extidentifier)";
				SKIP_INSTALL = YES;
				SUPPORTS_MACCATALYST = NO;
				SWIFT_EMIT_LOC_STRINGS = YES;
				SWIFT_VERSION = 5.0;
				TARGETED_DEVICE_FAMILY = "1,2";
				VERSIONING_SYSTEM = "apple-generic";
				VERSION_INFO_PREFIX = "";
			};
			name = Debug;
		};
		2B9DD10E26FF07B500FCCCA9 /* Release */ = {
			isa = XCBuildConfiguration;
			buildSettings = {
				CLANG_CXX_LANGUAGE_STANDARD = "gnu++17";
				CODE_SIGN_IDENTITY = "";
				CODE_SIGN_STYLE = Automatic;
				CURRENT_PROJECT_VERSION = 1;
				DEFINES_MODULE = YES;
				DEVELOPMENT_TEAM = F6L92Q8QNM;
				DYLIB_COMPATIBILITY_VERSION = 1;
				DYLIB_CURRENT_VERSION = 1;
				DYLIB_INSTALL_NAME_BASE = "@rpath";
				GENERATE_INFOPLIST_FILE = YES;
				INFOPLIST_KEY_NSHumanReadableCopyright = "";
				INSTALL_PATH = "$(LOCAL_LIBRARY_DIR)/Frameworks";
				IPHONEOS_DEPLOYMENT_TARGET = 13.0;
				LD_RUNPATH_SEARCH_PATHS = (
					"$(inherited)",
					"@executable_path/Frameworks",
					"@loader_path/Frameworks",
				);
				MACH_O_TYPE = staticlib;
				MARKETING_VERSION = 1.0;
				PRODUCT_BUNDLE_IDENTIFIER = com.bytedance.com.Galilei;
				PRODUCT_NAME = "$(TARGET_NAME:c99extidentifier)";
				SKIP_INSTALL = YES;
				SUPPORTS_MACCATALYST = NO;
				SWIFT_EMIT_LOC_STRINGS = YES;
				SWIFT_VERSION = 5.0;
				TARGETED_DEVICE_FAMILY = "1,2";
				VALIDATE_PRODUCT = YES;
				VERSIONING_SYSTEM = "apple-generic";
				VERSION_INFO_PREFIX = "";
			};
			name = Release;
		};
		2B9DD11F26FF083200FCCCA9 /* Debug */ = {
			isa = XCBuildConfiguration;
			buildSettings = {
				CLANG_CXX_LANGUAGE_STANDARD = "gnu++17";
				CODE_SIGN_IDENTITY = "";
				CODE_SIGN_STYLE = Automatic;
				CURRENT_PROJECT_VERSION = 1;
				DEFINES_MODULE = YES;
				DEVELOPMENT_TEAM = F6L92Q8QNM;
				DYLIB_COMPATIBILITY_VERSION = 1;
				DYLIB_CURRENT_VERSION = 1;
				DYLIB_INSTALL_NAME_BASE = "@rpath";
				GCC_PREPROCESSOR_DEFINITIONS = (
					"DEBUG=1",
					"$(inherited)",
				);
				GENERATE_INFOPLIST_FILE = YES;
				INFOPLIST_KEY_NSHumanReadableCopyright = "";
				INSTALL_PATH = "$(LOCAL_LIBRARY_DIR)/Frameworks";
				IPHONEOS_DEPLOYMENT_TARGET = 13.0;
				LD_RUNPATH_SEARCH_PATHS = (
					"$(inherited)",
					"@executable_path/Frameworks",
					"@loader_path/Frameworks",
				);
				MACH_O_TYPE = staticlib;
				MARKETING_VERSION = 1.0;
				PRODUCT_BUNDLE_IDENTIFIER = com.bytedance.com.MediaBox;
				PRODUCT_NAME = "$(TARGET_NAME:c99extidentifier)";
				SKIP_INSTALL = YES;
				SUPPORTS_MACCATALYST = NO;
				SWIFT_EMIT_LOC_STRINGS = YES;
				SWIFT_VERSION = 5.0;
				TARGETED_DEVICE_FAMILY = "1,2";
				VERSIONING_SYSTEM = "apple-generic";
				VERSION_INFO_PREFIX = "";
			};
			name = Debug;
		};
		2B9DD12026FF083200FCCCA9 /* Release */ = {
			isa = XCBuildConfiguration;
			buildSettings = {
				CLANG_CXX_LANGUAGE_STANDARD = "gnu++17";
				CODE_SIGN_IDENTITY = "";
				CODE_SIGN_STYLE = Automatic;
				CURRENT_PROJECT_VERSION = 1;
				DEFINES_MODULE = YES;
				DEVELOPMENT_TEAM = F6L92Q8QNM;
				DYLIB_COMPATIBILITY_VERSION = 1;
				DYLIB_CURRENT_VERSION = 1;
				DYLIB_INSTALL_NAME_BASE = "@rpath";
				GENERATE_INFOPLIST_FILE = YES;
				INFOPLIST_KEY_NSHumanReadableCopyright = "";
				INSTALL_PATH = "$(LOCAL_LIBRARY_DIR)/Frameworks";
				IPHONEOS_DEPLOYMENT_TARGET = 13.0;
				LD_RUNPATH_SEARCH_PATHS = (
					"$(inherited)",
					"@executable_path/Frameworks",
					"@loader_path/Frameworks",
				);
				MACH_O_TYPE = staticlib;
				MARKETING_VERSION = 1.0;
				PRODUCT_BUNDLE_IDENTIFIER = com.bytedance.com.MediaBox;
				PRODUCT_NAME = "$(TARGET_NAME:c99extidentifier)";
				SKIP_INSTALL = YES;
				SUPPORTS_MACCATALYST = NO;
				SWIFT_EMIT_LOC_STRINGS = YES;
				SWIFT_VERSION = 5.0;
				TARGETED_DEVICE_FAMILY = "1,2";
				VALIDATE_PRODUCT = YES;
				VERSIONING_SYSTEM = "apple-generic";
				VERSION_INFO_PREFIX = "";
			};
			name = Release;
		};
		2B9DD13126FF084C00FCCCA9 /* Debug */ = {
			isa = XCBuildConfiguration;
			buildSettings = {
				CLANG_CXX_LANGUAGE_STANDARD = "gnu++17";
				CODE_SIGN_IDENTITY = "";
				CODE_SIGN_STYLE = Automatic;
				CURRENT_PROJECT_VERSION = 1;
				DEFINES_MODULE = YES;
				DEVELOPMENT_TEAM = F6L92Q8QNM;
				DYLIB_COMPATIBILITY_VERSION = 1;
				DYLIB_CURRENT_VERSION = 1;
				DYLIB_INSTALL_NAME_BASE = "@rpath";
				GCC_PREPROCESSOR_DEFINITIONS = (
					"DEBUG=1",
					"$(inherited)",
				);
				GENERATE_INFOPLIST_FILE = YES;
				INFOPLIST_KEY_NSHumanReadableCopyright = "";
				INSTALL_PATH = "$(LOCAL_LIBRARY_DIR)/Frameworks";
				IPHONEOS_DEPLOYMENT_TARGET = 13.0;
				LD_RUNPATH_SEARCH_PATHS = (
					"$(inherited)",
					"@executable_path/Frameworks",
					"@loader_path/Frameworks",
				);
				MACH_O_TYPE = staticlib;
				MARKETING_VERSION = 1.0;
				PRODUCT_BUNDLE_IDENTIFIER = com.bytedance.com.Vincent;
				PRODUCT_NAME = "$(TARGET_NAME:c99extidentifier)";
				SKIP_INSTALL = YES;
				SUPPORTS_MACCATALYST = NO;
				SWIFT_EMIT_LOC_STRINGS = YES;
				SWIFT_VERSION = 5.0;
				TARGETED_DEVICE_FAMILY = "1,2";
				VERSIONING_SYSTEM = "apple-generic";
				VERSION_INFO_PREFIX = "";
			};
			name = Debug;
		};
		2B9DD13226FF084C00FCCCA9 /* Release */ = {
			isa = XCBuildConfiguration;
			buildSettings = {
				CLANG_CXX_LANGUAGE_STANDARD = "gnu++17";
				CODE_SIGN_IDENTITY = "";
				CODE_SIGN_STYLE = Automatic;
				CURRENT_PROJECT_VERSION = 1;
				DEFINES_MODULE = YES;
				DEVELOPMENT_TEAM = F6L92Q8QNM;
				DYLIB_COMPATIBILITY_VERSION = 1;
				DYLIB_CURRENT_VERSION = 1;
				DYLIB_INSTALL_NAME_BASE = "@rpath";
				GENERATE_INFOPLIST_FILE = YES;
				INFOPLIST_KEY_NSHumanReadableCopyright = "";
				INSTALL_PATH = "$(LOCAL_LIBRARY_DIR)/Frameworks";
				IPHONEOS_DEPLOYMENT_TARGET = 13.0;
				LD_RUNPATH_SEARCH_PATHS = (
					"$(inherited)",
					"@executable_path/Frameworks",
					"@loader_path/Frameworks",
				);
				MACH_O_TYPE = staticlib;
				MARKETING_VERSION = 1.0;
				PRODUCT_BUNDLE_IDENTIFIER = com.bytedance.com.Vincent;
				PRODUCT_NAME = "$(TARGET_NAME:c99extidentifier)";
				SKIP_INSTALL = YES;
				SUPPORTS_MACCATALYST = NO;
				SWIFT_EMIT_LOC_STRINGS = YES;
				SWIFT_VERSION = 5.0;
				TARGETED_DEVICE_FAMILY = "1,2";
				VALIDATE_PRODUCT = YES;
				VERSIONING_SYSTEM = "apple-generic";
				VERSION_INFO_PREFIX = "";
			};
			name = Release;
		};
		851F0054F22CA0B1BA9B751C /* Release */ = {
			isa = XCBuildConfiguration;
			buildSettings = {
				ALWAYS_EMBED_SWIFT_STANDARD_LIBRARIES = YES;
				ASSETCATALOG_COMPILER_APPICON_NAME = AppIcon;
				CODE_SIGN_IDENTITY = "iPhone Developer";
				DEVELOPMENT_TEAM = F6L92Q8QNM;
				INFOPLIST_FILE = VCamera/Info.plist;
				IPHONEOS_DEPLOYMENT_TARGET = 14.5;
				LD_RUNPATH_SEARCH_PATHS = (
					"$(inherited)",
					"@executable_path/Frameworks",
				);
				SDKROOT = iphoneos;
				TARGETED_DEVICE_FAMILY = "1,2";
			};
			name = Release;
		};
		C3E375E75D3742C4CE17C85E /* Release */ = {
			isa = XCBuildConfiguration;
			baseConfigurationReference = 938BAD83E9483F27127D1446 /* release.xcconfig */;
			buildSettings = {
				ALWAYS_SEARCH_USER_PATHS = NO;
				CLANG_ANALYZER_NONNULL = YES;
				CLANG_ANALYZER_NUMBER_OBJECT_CONVERSION = YES_AGGRESSIVE;
				CLANG_CXX_LANGUAGE_STANDARD = "gnu++14";
				CLANG_CXX_LIBRARY = "libc++";
				CLANG_ENABLE_MODULES = YES;
				CLANG_ENABLE_OBJC_ARC = YES;
				CLANG_ENABLE_OBJC_WEAK = YES;
				CLANG_WARN_BLOCK_CAPTURE_AUTORELEASING = YES;
				CLANG_WARN_BOOL_CONVERSION = YES;
				CLANG_WARN_COMMA = YES;
				CLANG_WARN_CONSTANT_CONVERSION = YES;
				CLANG_WARN_DEPRECATED_OBJC_IMPLEMENTATIONS = YES;
				CLANG_WARN_DIRECT_OBJC_ISA_USAGE = YES_ERROR;
				CLANG_WARN_DOCUMENTATION_COMMENTS = YES;
				CLANG_WARN_EMPTY_BODY = YES;
				CLANG_WARN_ENUM_CONVERSION = YES;
				CLANG_WARN_INFINITE_RECURSION = YES;
				CLANG_WARN_INT_CONVERSION = YES;
				CLANG_WARN_NON_LITERAL_NULL_CONVERSION = YES;
				CLANG_WARN_OBJC_IMPLICIT_RETAIN_SELF = YES;
				CLANG_WARN_OBJC_LITERAL_CONVERSION = YES;
				CLANG_WARN_OBJC_ROOT_CLASS = YES_ERROR;
				CLANG_WARN_QUOTED_INCLUDE_IN_FRAMEWORK_HEADER = YES;
				CLANG_WARN_RANGE_LOOP_ANALYSIS = YES;
				CLANG_WARN_STRICT_PROTOTYPES = YES;
				CLANG_WARN_SUSPICIOUS_MOVE = YES;
				CLANG_WARN_UNGUARDED_AVAILABILITY = YES_AGGRESSIVE;
				CLANG_WARN_UNREACHABLE_CODE = YES;
				CLANG_WARN__DUPLICATE_METHOD_MATCH = YES;
				COPY_PHASE_STRIP = NO;
				DEBUG_INFORMATION_FORMAT = "dwarf-with-dsym";
				ENABLE_NS_ASSERTIONS = NO;
				ENABLE_STRICT_OBJC_MSGSEND = YES;
				GCC_C_LANGUAGE_STANDARD = gnu11;
				GCC_NO_COMMON_BLOCKS = YES;
				GCC_WARN_64_TO_32_BIT_CONVERSION = YES;
				GCC_WARN_ABOUT_RETURN_TYPE = YES_ERROR;
				GCC_WARN_UNDECLARED_SELECTOR = YES;
				GCC_WARN_UNINITIALIZED_AUTOS = YES_AGGRESSIVE;
				GCC_WARN_UNUSED_FUNCTION = YES;
				GCC_WARN_UNUSED_VARIABLE = YES;
				MTL_ENABLE_DEBUG_INFO = NO;
				MTL_FAST_MATH = YES;
				PRODUCT_NAME = "$(TARGET_NAME)";
				SDKROOT = iphoneos;
				SWIFT_COMPILATION_MODE = wholemodule;
				SWIFT_OPTIMIZATION_LEVEL = "-O";
				SWIFT_VERSION = 5.0;
			};
			name = Release;
		};
		D9628033BB2E896F5813C727 /* Debug */ = {
			isa = XCBuildConfiguration;
			baseConfigurationReference = C7DB2F22DA71F549A0F6522E /* debug.xcconfig */;
			buildSettings = {
				ALWAYS_SEARCH_USER_PATHS = NO;
				CLANG_ANALYZER_NONNULL = YES;
				CLANG_ANALYZER_NUMBER_OBJECT_CONVERSION = YES_AGGRESSIVE;
				CLANG_CXX_LANGUAGE_STANDARD = "gnu++14";
				CLANG_CXX_LIBRARY = "libc++";
				CLANG_ENABLE_MODULES = YES;
				CLANG_ENABLE_OBJC_ARC = YES;
				CLANG_ENABLE_OBJC_WEAK = YES;
				CLANG_WARN_BLOCK_CAPTURE_AUTORELEASING = YES;
				CLANG_WARN_BOOL_CONVERSION = YES;
				CLANG_WARN_COMMA = YES;
				CLANG_WARN_CONSTANT_CONVERSION = YES;
				CLANG_WARN_DEPRECATED_OBJC_IMPLEMENTATIONS = YES;
				CLANG_WARN_DIRECT_OBJC_ISA_USAGE = YES_ERROR;
				CLANG_WARN_DOCUMENTATION_COMMENTS = YES;
				CLANG_WARN_EMPTY_BODY = YES;
				CLANG_WARN_ENUM_CONVERSION = YES;
				CLANG_WARN_INFINITE_RECURSION = YES;
				CLANG_WARN_INT_CONVERSION = YES;
				CLANG_WARN_NON_LITERAL_NULL_CONVERSION = YES;
				CLANG_WARN_OBJC_IMPLICIT_RETAIN_SELF = YES;
				CLANG_WARN_OBJC_LITERAL_CONVERSION = YES;
				CLANG_WARN_OBJC_ROOT_CLASS = YES_ERROR;
				CLANG_WARN_QUOTED_INCLUDE_IN_FRAMEWORK_HEADER = YES;
				CLANG_WARN_RANGE_LOOP_ANALYSIS = YES;
				CLANG_WARN_STRICT_PROTOTYPES = YES;
				CLANG_WARN_SUSPICIOUS_MOVE = YES;
				CLANG_WARN_UNGUARDED_AVAILABILITY = YES_AGGRESSIVE;
				CLANG_WARN_UNREACHABLE_CODE = YES;
				CLANG_WARN__DUPLICATE_METHOD_MATCH = YES;
				COPY_PHASE_STRIP = NO;
				DEBUG_INFORMATION_FORMAT = dwarf;
				ENABLE_STRICT_OBJC_MSGSEND = YES;
				ENABLE_TESTABILITY = YES;
				GCC_C_LANGUAGE_STANDARD = gnu11;
				GCC_DYNAMIC_NO_PIC = NO;
				GCC_NO_COMMON_BLOCKS = YES;
				GCC_OPTIMIZATION_LEVEL = 0;
				GCC_PREPROCESSOR_DEFINITIONS = (
					"$(inherited)",
					"DEBUG=1",
				);
				GCC_WARN_64_TO_32_BIT_CONVERSION = YES;
				GCC_WARN_ABOUT_RETURN_TYPE = YES_ERROR;
				GCC_WARN_UNDECLARED_SELECTOR = YES;
				GCC_WARN_UNINITIALIZED_AUTOS = YES_AGGRESSIVE;
				GCC_WARN_UNUSED_FUNCTION = YES;
				GCC_WARN_UNUSED_VARIABLE = YES;
				MTL_ENABLE_DEBUG_INFO = INCLUDE_SOURCE;
				MTL_FAST_MATH = YES;
				ONLY_ACTIVE_ARCH = YES;
				PRODUCT_NAME = "$(TARGET_NAME)";
				SDKROOT = iphoneos;
				SWIFT_ACTIVE_COMPILATION_CONDITIONS = DEBUG;
				SWIFT_OPTIMIZATION_LEVEL = "-Onone";
				SWIFT_VERSION = 5.0;
			};
			name = Debug;
		};
/* End XCBuildConfiguration section */

/* Begin XCConfigurationList section */
		1354789D5529EFAA4B07A402 /* Build configuration list for PBXProject "VCamera" */ = {
			isa = XCConfigurationList;
			buildConfigurations = (
				D9628033BB2E896F5813C727 /* Debug */,
				C3E375E75D3742C4CE17C85E /* Release */,
			);
			defaultConfigurationIsVisible = 0;
			defaultConfigurationName = Debug;
		};
		152A9DF389220559A593E952 /* Build configuration list for PBXNativeTarget "VCamera" */ = {
			isa = XCConfigurationList;
			buildConfigurations = (
				0A52BCA79D62F660F6F53246 /* Debug */,
				851F0054F22CA0B1BA9B751C /* Release */,
			);
			defaultConfigurationIsVisible = 0;
			defaultConfigurationName = Debug;
		};
		2B9DD0F926FF073E00FCCCA9 /* Build configuration list for PBXNativeTarget "Authority" */ = {
			isa = XCConfigurationList;
			buildConfigurations = (
				2B9DD0FA26FF073E00FCCCA9 /* Debug */,
				2B9DD0FB26FF073E00FCCCA9 /* Release */,
			);
			defaultConfigurationIsVisible = 0;
			defaultConfigurationName = Debug;
		};
		2B9DD10C26FF07B500FCCCA9 /* Build configuration list for PBXNativeTarget "Galilei" */ = {
			isa = XCConfigurationList;
			buildConfigurations = (
				2B9DD10D26FF07B500FCCCA9 /* Debug */,
				2B9DD10E26FF07B500FCCCA9 /* Release */,
			);
			defaultConfigurationIsVisible = 0;
			defaultConfigurationName = Debug;
		};
		2B9DD11E26FF083200FCCCA9 /* Build configuration list for PBXNativeTarget "MediaBox" */ = {
			isa = XCConfigurationList;
			buildConfigurations = (
				2B9DD11F26FF083200FCCCA9 /* Debug */,
				2B9DD12026FF083200FCCCA9 /* Release */,
			);
			defaultConfigurationIsVisible = 0;
			defaultConfigurationName = Debug;
		};
		2B9DD13026FF084C00FCCCA9 /* Build configuration list for PBXNativeTarget "Vincent" */ = {
			isa = XCConfigurationList;
			buildConfigurations = (
				2B9DD13126FF084C00FCCCA9 /* Debug */,
				2B9DD13226FF084C00FCCCA9 /* Release */,
			);
			defaultConfigurationIsVisible = 0;
			defaultConfigurationName = Debug;
		};
/* End XCConfigurationList section */

/* Begin XCRemoteSwiftPackageReference section */
		D2DC69972691A4B200C0E1C6 /* XCRemoteSwiftPackageReference "SnapKit" */ = {
			isa = XCRemoteSwiftPackageReference;
			repositoryURL = "https://github.com/SnapKit/SnapKit";
			requirement = {
				kind = upToNextMajorVersion;
				minimumVersion = 5.0.0;
			};
		};
		D2DC699A2691A4BC00C0E1C6 /* XCRemoteSwiftPackageReference "Swinject" */ = {
			isa = XCRemoteSwiftPackageReference;
			repositoryURL = "https://github.com/Swinject/Swinject";
			requirement = {
				kind = upToNextMajorVersion;
				minimumVersion = 2.0.0;
			};
		};
		D2DC699D2691A4D500C0E1C6 /* XCRemoteSwiftPackageReference "CombineCocoa" */ = {
			isa = XCRemoteSwiftPackageReference;
			repositoryURL = "https://github.com/CombineCommunity/CombineCocoa";
			requirement = {
				kind = upToNextMajorVersion;
				minimumVersion = 0.3.0;
			};
		};
/* End XCRemoteSwiftPackageReference section */

/* Begin XCSwiftPackageProductDependency section */
		2B9DD17026FF0C1B00FCCCA9 /* SnapKit */ = {
			isa = XCSwiftPackageProductDependency;
			package = D2DC69972691A4B200C0E1C6 /* XCRemoteSwiftPackageReference "SnapKit" */;
			productName = SnapKit;
		};
		2B9DD17226FF0C3100FCCCA9 /* CombineCocoa */ = {
			isa = XCSwiftPackageProductDependency;
			package = D2DC699D2691A4D500C0E1C6 /* XCRemoteSwiftPackageReference "CombineCocoa" */;
			productName = CombineCocoa;
		};
		2B9DD17426FF0C3700FCCCA9 /* Swinject */ = {
			isa = XCSwiftPackageProductDependency;
			package = D2DC699A2691A4BC00C0E1C6 /* XCRemoteSwiftPackageReference "Swinject" */;
			productName = Swinject;
		};
/* End XCSwiftPackageProductDependency section */
	};
	rootObject = 2B2D19F58DA875D84AA6D63B /* Project object */;
}
